# THIS IS AN AUTOGENERATED FILE. DO NOT EDIT THIS FILE DIRECTLY.
# yarn lockfile v1


debug@^3.0.0:
  version "3.2.6"
  resolved "https://registry.yarnpkg.com/debug/-/debug-3.2.6.tgz#e83d17de16d8a7efb7717edbe5fb10135eee629b"
  dependencies:
    ms "^2.1.1"

eventemitter3@^4.0.0:
  version "4.0.0"
  resolved "https://registry.yarnpkg.com/eventemitter3/-/eventemitter3-4.0.0.tgz#d65176163887ee59f386d64c82610b696a4a74eb"

follow-redirects@^1.0.0:
  version "1.10.0"
  resolved "https://registry.yarnpkg.com/follow-redirects/-/follow-redirects-1.10.0.tgz#01f5263aee921c6a54fb91667f08f4155ce169eb"
  dependencies:
    debug "^3.0.0"

http-proxy@^1.18.0:
  version "1.18.0"
  resolved "https://registry.yarnpkg.com/http-proxy/-/http-proxy-1.18.0.tgz#dbe55f63e75a347db7f3d99974f2692a314a6a3a"
  dependencies:
    eventemitter3 "^4.0.0"
    follow-redirects "^1.0.0"
    requires-port "^1.0.0"

ms@^2.1.1:
  version "2.1.2"
  resolved "https://registry.yarnpkg.com/ms/-/ms-2.1.2.tgz#d09d1f357b443f493382a8eb3ccd183872ae6009"

now-env@^3.0.0:
  version "3.0.4"
  resolved "https://registry.yarnpkg.com/now-env/-/now-env-3.0.4.tgz#f9ed88884bff8d208ad3eaf39cc3437dd1a591ad"

requires-port@^1.0.0:
  version "1.0.0"
  resolved "https://registry.yarnpkg.com/requires-port/-/requires-port-1.0.0.tgz#925d2601d39ac485e091cf0da5c6e694dc3dcaff"
